
Microsoft Visual Studio Solution File, Format Version 12.00
# Visual Studio Version 17
VisualStudioVersion = 17.0.31903.59
MinimumVisualStudioVersion = 10.0.40219.1
Project("{9A19103F-16F7-4668-BE54-9A1E7A4F7556}") = "FFmpeg-GUI", "FFmpeg-GUI\FFmpeg-GUI.csproj", "{29AC1BA6-4134-4500-A379-5A13D2B10474}"
EndProject
Project("{2150E333-8FDC-42A3-9474-1A3956D46DE8}") = "Solution Items", "Solution Items", "{75F3C99E-79D1-4AD8-A902-71C71EFD9BFC}"
	ProjectSection(SolutionItems) = preProject
		.editorconfig = .editorconfig
	EndProjectSection
EndProject
Global
	GlobalSection(SolutionConfigurationPlatforms) = preSolution
		Debug|Any CPU = Debug|Any CPU
		Release|Any CPU = Release|Any CPU
	EndGlobalSection
	GlobalSection(ProjectConfigurationPlatforms) = postSolution
		{29AC1BA6-4134-4500-A379-5A13D2B10474}.Debug|Any CPU.ActiveCfg = Debug|Any CPU
		{29AC1BA6-4134-4500-A379-5A13D2B10474}.Debug|Any CPU.Build.0 = Debug|Any CPU
		{29AC1BA6-4134-4500-A379-5A13D2B10474}.Release|Any CPU.ActiveCfg = Release|Any CPU
		{29AC1BA6-4134-4500-A379-5A13D2B10474}.Release|Any CPU.Build.0 = Release|Any CPU
	EndGlobalSection
	GlobalSection(SolutionProperties) = preSolution
		HideSolutionNode = FALSE
	EndGlobalSection
	GlobalSection(ExtensibilityGlobals) = postSolution
		SolutionGuid = {98FC57CD-F05C-45D2-9B53-7AFABF54C5D1}
	EndGlobalSection
EndGlobal
